
Microsoft Visual Studio Solution File, Format Version 12.00
# Visual Studio Version 17
VisualStudioVersion = 17.3.32929.385
MinimumVisualStudioVersion = 10.0.40219.1
Project("{FAE04EC0-301F-11D3-BF4B-00C04F79EFBC}") = "Api", "Api\Api.csproj", "{F7073D44-729E-4D2A-A4ED-07DCAF35823E}"
EndProject
Project("{E53339B2-1760-4266-BCC7-CA923CBCF16C}") = "docker-compose", "docker-compose.dcproj", "{8E628E26-FFEE-41C9-AE73-835FE043DD66}"
EndProject
Global
	GlobalSection(SolutionConfigurationPlatforms) = preSolution
		Debug|Any CPU = Debug|Any CPU
		Release|Any CPU = Release|Any CPU
	EndGlobalSection
	GlobalSection(ProjectConfigurationPlatforms) = postSolution
		{F7073D44-729E-4D2A-A4ED-07DCAF35823E}.Debug|Any CPU.ActiveCfg = Debug|Any CPU
		{F7073D44-729E-4D2A-A4ED-07DCAF35823E}.Debug|Any CPU.Build.0 = Debug|Any CPU
		{F7073D44-729E-4D2A-A4ED-07DCAF35823E}.Release|Any CPU.ActiveCfg = Release|Any CPU
		{F7073D44-729E-4D2A-A4ED-07DCAF35823E}.Release|Any CPU.Build.0 = Release|Any CPU
		{8E628E26-FFEE-41C9-AE73-835FE043DD66}.Debug|Any CPU.ActiveCfg = Debug|Any CPU
		{8E628E26-FFEE-41C9-AE73-835FE043DD66}.Debug|Any CPU.Build.0 = Debug|Any CPU
		{8E628E26-FFEE-41C9-AE73-835FE043DD66}.Release|Any CPU.ActiveCfg = Release|Any CPU
		{8E628E26-FFEE-41C9-AE73-835FE043DD66}.Release|Any CPU.Build.0 = Release|Any CPU
	EndGlobalSection
	GlobalSection(SolutionProperties) = preSolution
		HideSolutionNode = FALSE
	EndGlobalSection
	GlobalSection(ExtensibilityGlobals) = postSolution
		SolutionGuid = {ACAB086B-6EEB-4033-AD35-9D794A4635EB}
	EndGlobalSection
EndGlobal
